
Microsoft Visual Studio Solution File, Format Version 12.00
# Visual Studio Version 17
VisualStudioVersion = 17.5.33530.505
MinimumVisualStudioVersion = 10.0.40219.1
Project("{9A19103F-16F7-4668-BE54-9A1E7A4F7556}") = "IDKjustwork", "IDKjustwork\IDKjustwork.csproj", "{9406EDB4-F10D-427E-AA89-011B55221525}"
EndProject
Global
	GlobalSection(SolutionConfigurationPlatforms) = preSolution
		Debug|Any CPU = Debug|Any CPU
		Release|Any CPU = Release|Any CPU
	EndGlobalSection
	GlobalSection(ProjectConfigurationPlatforms) = postSolution
		{9406EDB4-F10D-427E-AA89-011B55221525}.Debug|Any CPU.ActiveCfg = Debug|Any CPU
		{9406EDB4-F10D-427E-AA89-011B55221525}.Debug|Any CPU.Build.0 = Debug|Any CPU
		{9406EDB4-F10D-427E-AA89-011B55221525}.Release|Any CPU.ActiveCfg = Release|Any CPU
		{9406EDB4-F10D-427E-AA89-011B55221525}.Release|Any CPU.Build.0 = Release|Any CPU
	EndGlobalSection
	GlobalSection(SolutionProperties) = preSolution
		HideSolutionNode = FALSE
	EndGlobalSection
	GlobalSection(ExtensibilityGlobals) = postSolution
		SolutionGuid = {D8B23C6D-E2D8-47E9-8759-A3814A11D226}
	EndGlobalSection
EndGlobal
